{
  "lockfileVersion": 1,
  "configVersion": 1,
  "workspaces": {
    "": {
      "name": "@passly-nl/data",
      "dependencies": {
        "@basmilius/http-client": "^2.27.0",
        "@fortawesome/fontawesome-common-types": "^7.2.0",
        "apexcharts": "^5.6.0",
        "luxon": "^3.7.2",
      },
      "devDependencies": {
        "@basmilius/tools": "^2.27.0",
        "@flux-ui/types": "^3.0.0-next.26",
        "@types/bun": "^1.3.9",
        "@types/luxon": "^3.7.1",
        "@typescript/native-preview": "^7.0.0-dev.20260222.1",
      },
    },
  },
  "packages": {
    "@babel/helper-string-parser": ["@babel/helper-string-parser@7.27.1", "", {}, "sha512-qMlSxKbpRlAridDExk92nSobyDdpPijUq2DW6oDnUqd0iOGxmQjyqhMIihI9+zv4LPyZdRje2cavWPbCbWm3eA=="],

    "@babel/helper-validator-identifier": ["@babel/helper-validator-identifier@7.28.5", "", {}, "sha512-qSs4ifwzKJSV39ucNjsvc6WVHs6b7S03sOh2OcHF9UHfVPqWWALUsNUVzhSBiItjRZoLHx7nIarVjqKVusUZ1Q=="],

    "@babel/parser": ["@babel/parser@7.29.0", "", { "dependencies": { "@babel/types": "^7.29.0" }, "bin": "./bin/babel-parser.js" }, "sha512-IyDgFV5GeDUVX4YdF/3CPULtVGSXXMLh1xVIgdCgxApktqnQV0r7/8Nqthg+8YLGaAtdyIlo2qIdZrbCv4+7ww=="],

    "@babel/types": ["@babel/types@7.29.0", "", { "dependencies": { "@babel/helper-string-parser": "^7.27.1", "@babel/helper-validator-identifier": "^7.28.5" } }, "sha512-LwdZHpScM4Qz8Xw2iKSzS+cfglZzJGvofQICy7W7v4caru4EaAmyUuO6BGrbyQ2mYV11W0U8j5mBhd14dd3B0A=="],

    "@basmilius/http-client": ["@basmilius/http-client@2.27.0", "", { "dependencies": { "@basmilius/utils": "2.27.0", "luxon": "^3.7.2", "vue": "^3.6.0-beta.6" } }, "sha512-QYf84n8J+5qJkdINEDTvaLK/tCT9dTFbR22m82TIym3tomqEG5PYzJf6Htl2F28FmEy8yPxmImuMgaMH9Z2qjg=="],

    "@basmilius/tools": ["@basmilius/tools@2.27.0", "", { "dependencies": { "oxc-transform": "^0.114.0" } }, "sha512-RJ8a0XpNkP1xGIymHOo0ienMCyRE9KmbLtguxnpf41q0wtjqbgHBG5hPfWGCVKzm4RWo6z7JuvMGZAA2nErZ+g=="],

    "@basmilius/utils": ["@basmilius/utils@2.27.0", "", { "dependencies": { "@types/luxon": "^3.7.1", "luxon": "^3.7.2", "pinia": "^3.0.4", "vue": "^3.6.0-beta.6" } }, "sha512-jc7JDUzgjCrHcs/phSwblafX2efNkCldu/2/D1SH0DxZLyr9FeCk2lkgFIkcgFnYkGKYHwi4+DPN/cU6C3XBBA=="],

    "@emnapi/core": ["@emnapi/core@1.8.1", "", { "dependencies": { "@emnapi/wasi-threads": "1.1.0", "tslib": "^2.4.0" } }, "sha512-AvT9QFpxK0Zd8J0jopedNm+w/2fIzvtPKPjqyw9jwvBaReTTqPBk9Hixaz7KbjimP+QNz605/XnjFcDAL2pqBg=="],

    "@emnapi/runtime": ["@emnapi/runtime@1.8.1", "", { "dependencies": { "tslib": "^2.4.0" } }, "sha512-mehfKSMWjjNol8659Z8KxEMrdSJDDot5SXMq00dM8BN4o+CLNXQ0xH2V7EchNHV4RmbZLmmPdEaXZc5H2FXmDg=="],

    "@emnapi/wasi-threads": ["@emnapi/wasi-threads@1.1.0", "", { "dependencies": { "tslib": "^2.4.0" } }, "sha512-WI0DdZ8xFSbgMjR1sFsKABJ/C5OnRrjT06JXbZKexJGrDuPTzZdDYfFlsgcCXCyf+suG5QU2e/y1Wo2V/OapLQ=="],

    "@flux-ui/types": ["@flux-ui/types@3.0.0-next.26", "", {}, "sha512-b4lHX+PApTDr+Ox1arYV3Ikdiy5bQY47mfVARCGKSC6NMC4uwYM2eK53nSE7RJcklK9XuZgFA4pwjc9d0PhsEA=="],

    "@fortawesome/fontawesome-common-types": ["@fortawesome/fontawesome-common-types@7.2.0", "", {}, "sha512-IpR0bER9FY25p+e7BmFH25MZKEwFHTfRAfhOyJubgiDnoJNsSvJ7nigLraHtp4VOG/cy8D7uiV0dLkHOne5Fhw=="],

    "@jridgewell/sourcemap-codec": ["@jridgewell/sourcemap-codec@1.5.5", "", {}, "sha512-cYQ9310grqxueWbl+WuIUIaiUaDcj7WOq5fVhEljNVgRfOUhY9fy2zTvfoqWsnebh8Sl70VScFbICvJnLKB0Og=="],

    "@napi-rs/wasm-runtime": ["@napi-rs/wasm-runtime@1.1.1", "", { "dependencies": { "@emnapi/core": "^1.7.1", "@emnapi/runtime": "^1.7.1", "@tybys/wasm-util": "^0.10.1" } }, "sha512-p64ah1M1ld8xjWv3qbvFwHiFVWrq1yFvV4f7w+mzaqiR4IlSgkqhcRdHwsGgomwzBH51sRY4NEowLxnaBjcW/A=="],

    "@oxc-transform/binding-android-arm-eabi": ["@oxc-transform/binding-android-arm-eabi@0.114.0", "", { "os": "android", "cpu": "arm" }, "sha512-8Kfcjo66OU3Y9UxfMoa629/UT37ogOWbwqcUKXb3wD6bcAA3Gez8I0qnOJQOwtLr4ZOhP9jvYFTwiVyGO8s7Hg=="],

    "@oxc-transform/binding-android-arm64": ["@oxc-transform/binding-android-arm64@0.114.0", "", { "os": "android", "cpu": "arm64" }, "sha512-Z4REVcSbf6VK5ygKL5QPfz6cdq3A2MOi7p+V63k1usWKbV71otHG32bNrdJ4Djpkcimt4x/6cntwno2Wxna4pQ=="],

    "@oxc-transform/binding-darwin-arm64": ["@oxc-transform/binding-darwin-arm64@0.114.0", "", { "os": "darwin", "cpu": "arm64" }, "sha512-aeilskCknKFFYrT72TjzNe7zvNfRykDPegtstiDovHqGJfOimIVXbEilnYGXMWQp7mfRhMU/w8gWL22T6SeuSw=="],

    "@oxc-transform/binding-darwin-x64": ["@oxc-transform/binding-darwin-x64@0.114.0", "", { "os": "darwin", "cpu": "x64" }, "sha512-V8YtbjLFHS8IyRG/c2eYv7yOUSWKgfyKO/EjaJQ1SjM55Eqdxt0INuknscDBteLanL0tg6iKAMxZt4BDom05GQ=="],

    "@oxc-transform/binding-freebsd-x64": ["@oxc-transform/binding-freebsd-x64@0.114.0", "", { "os": "freebsd", "cpu": "x64" }, "sha512-9G8MpVmfCZ/aMVykKh/mrt6Q2CjyPkUdKml5AMXd2E8UK7q10m3hgPtLVlGLBtZy19/vo5yvOh3MwgHGhuMfpg=="],

    "@oxc-transform/binding-linux-arm-gnueabihf": ["@oxc-transform/binding-linux-arm-gnueabihf@0.114.0", "", { "os": "linux", "cpu": "arm" }, "sha512-X3WkZ58FzEEeWpl6vH/jL2zXJvdwlpe9rmD4gxIFS62O2P4rXn9S+CHQnwIGxvLpwWosesBeyOyGNcmTEWW8hQ=="],

    "@oxc-transform/binding-linux-arm-musleabihf": ["@oxc-transform/binding-linux-arm-musleabihf@0.114.0", "", { "os": "linux", "cpu": "arm" }, "sha512-VeAKu6l83VQ0YqLXAbDjR2VGHK4dJuahliR4GeB54CwPUCA0TcuIA86jcez9b1Pw0o7FSkFab/JkLrmglw/ZJw=="],

    "@oxc-transform/binding-linux-arm64-gnu": ["@oxc-transform/binding-linux-arm64-gnu@0.114.0", "", { "os": "linux", "cpu": "arm64" }, "sha512-PRu2TmmkwuFQg646grmUbsbEqvfX9aUwWvMsILvHv7HbCBmD7VxqURLR0UyH8jaj0/qcXezjUsc0o5DOLBIYvQ=="],

    "@oxc-transform/binding-linux-arm64-musl": ["@oxc-transform/binding-linux-arm64-musl@0.114.0", "", { "os": "linux", "cpu": "arm64" }, "sha512-g17OTcSLuhehKuyfTWWzW/V4xFlOqhyCPWyCjxFOAYFEgNL0B+606pCkjnggpQCb+7YbGmFOuHAJS37H09ewbg=="],

    "@oxc-transform/binding-linux-ppc64-gnu": ["@oxc-transform/binding-linux-ppc64-gnu@0.114.0", "", { "os": "linux", "cpu": "ppc64" }, "sha512-ubYwfTMWh28xUmuzOHK2dPBPmr8g0RB5H37tp/mXmWXjflQWhIzE+aAuLHZXlVDCRx9dfVwqCvRGBbGzdBprDg=="],

    "@oxc-transform/binding-linux-riscv64-gnu": ["@oxc-transform/binding-linux-riscv64-gnu@0.114.0", "", { "os": "linux", "cpu": "none" }, "sha512-+tzWB5DLK9ia9UQiHjKmFSsihnbfhjEmHjnmm2I3YYhBzb6QJ5bfbHswbompqNGPD7c4VkdSzJo4eGXbbMmaZw=="],

    "@oxc-transform/binding-linux-riscv64-musl": ["@oxc-transform/binding-linux-riscv64-musl@0.114.0", "", { "os": "linux", "cpu": "none" }, "sha512-TwsluoXc0520G07ZOaqYx0xzjEveIaIwbHjiXBG9S5yJ5m79oeeK6h1ER5IfZRGPXvItT50k0wnZ7q4E6Cxqfw=="],

    "@oxc-transform/binding-linux-s390x-gnu": ["@oxc-transform/binding-linux-s390x-gnu@0.114.0", "", { "os": "linux", "cpu": "s390x" }, "sha512-cjdg8vVEUM6e7KzHlG4u2UiTelPio7dvoGj0GJVlFN/cUi3eprp7eLEELFQ/pFWhxlZUNkFJ+SY7p+KCwj2O2g=="],

    "@oxc-transform/binding-linux-x64-gnu": ["@oxc-transform/binding-linux-x64-gnu@0.114.0", "", { "os": "linux", "cpu": "x64" }, "sha512-cJabHBy/gVQKYxFKbP6qdwnsuqqkqLG5Axk7gkh6YzDnVXuFPBJpH8W1OeIBPPgxUW9/KPoG+oc+bsxUT6GqJg=="],

    "@oxc-transform/binding-linux-x64-musl": ["@oxc-transform/binding-linux-x64-musl@0.114.0", "", { "os": "linux", "cpu": "x64" }, "sha512-4+EIl4rJ7To2dASvBTyHIr+6ylXEhoakUeoLy9OADmtScZI+vy1ugdptXQz6g0XAbg8S7r3+XK3HlTImJQYy4Q=="],

    "@oxc-transform/binding-openharmony-arm64": ["@oxc-transform/binding-openharmony-arm64@0.114.0", "", { "os": "none", "cpu": "arm64" }, "sha512-onpjJMw48IUtsUV+2BlXNtGgq/zT7p9NFNv5E/4pMhgaDySoNoKJ8vJrY93DAf1m3ScnR847qFCCA074sbBdTw=="],

    "@oxc-transform/binding-wasm32-wasi": ["@oxc-transform/binding-wasm32-wasi@0.114.0", "", { "dependencies": { "@napi-rs/wasm-runtime": "^1.1.1" }, "cpu": "none" }, "sha512-L9rLIqYhAXwzcGM8k3GfDdJf87D+MGJjhV4rHV1TP6WKcTy2nEmhYs7O4bpj6uVKRZ8K+/P2t98tF8/EXUmN+w=="],

    "@oxc-transform/binding-win32-arm64-msvc": ["@oxc-transform/binding-win32-arm64-msvc@0.114.0", "", { "os": "win32", "cpu": "arm64" }, "sha512-lB/ZvO3H3JJQcyS2iXVm2J9FKJG7cWiWIL4NzUNPTQe9Nl9nrbROvvS5oU2BGuf3/ZsIzNNTVW+HlumT3dgVmA=="],

    "@oxc-transform/binding-win32-ia32-msvc": ["@oxc-transform/binding-win32-ia32-msvc@0.114.0", "", { "os": "win32", "cpu": "ia32" }, "sha512-j9C5vbs803+wbtpjEoic/jFdgM2YpNkXlSVmGDqdlTKpnXUZ/Tka7gSNCk6YdPIjgedROPpfH2E0pGNyjasLVA=="],

    "@oxc-transform/binding-win32-x64-msvc": ["@oxc-transform/binding-win32-x64-msvc@0.114.0", "", { "os": "win32", "cpu": "x64" }, "sha512-hkDBn4l8dc0t3mpEI0BQhzHN7KdgUoXJhsw6VWsUlewMIICc4pL38MS9ke/PenU4O9Z0L8AePWJ5IYub+gNVgg=="],

    "@tybys/wasm-util": ["@tybys/wasm-util@0.10.1", "", { "dependencies": { "tslib": "^2.4.0" } }, "sha512-9tTaPJLSiejZKx+Bmog4uSubteqTvFrVrURwkmHixBo0G4seD0zUxp98E1DzUBJxLQ3NPwXrGKDiVjwx/DpPsg=="],

    "@types/bun": ["@types/bun@1.3.9", "", { "dependencies": { "bun-types": "1.3.9" } }, "sha512-KQ571yULOdWJiMH+RIWIOZ7B2RXQGpL1YQrBtLIV3FqDcCu6FsbFUBwhdKUlCKUpS3PJDsHlJ1QKlpxoVR+xtw=="],

    "@types/luxon": ["@types/luxon@3.7.1", "", {}, "sha512-H3iskjFIAn5SlJU7OuxUmTEpebK6TKB8rxZShDslBMZJ5u9S//KM1sbdAisiSrqwLQncVjnpi2OK2J51h+4lsg=="],

    "@types/node": ["@types/node@25.3.0", "", { "dependencies": { "undici-types": "~7.18.0" } }, "sha512-4K3bqJpXpqfg2XKGK9bpDTc6xO/xoUP/RBWS7AtRMug6zZFaRekiLzjVtAoZMquxoAbzBvy5nxQ7veS5eYzf8A=="],

    "@typescript/native-preview": ["@typescript/native-preview@7.0.0-dev.20260222.1", "", { "optionalDependencies": { "@typescript/native-preview-darwin-arm64": "7.0.0-dev.20260222.1", "@typescript/native-preview-darwin-x64": "7.0.0-dev.20260222.1", "@typescript/native-preview-linux-arm": "7.0.0-dev.20260222.1", "@typescript/native-preview-linux-arm64": "7.0.0-dev.20260222.1", "@typescript/native-preview-linux-x64": "7.0.0-dev.20260222.1", "@typescript/native-preview-win32-arm64": "7.0.0-dev.20260222.1", "@typescript/native-preview-win32-x64": "7.0.0-dev.20260222.1" }, "bin": { "tsgo": "bin/tsgo.js" } }, "sha512-Uxon0iNhNqH/HkWvKmTmr7d5TJp6yomoyFHNpLIEghy91/DNWEtKMuLjNDYPFcoNxWpuJW9vuWTWeu3mcqT94Q=="],

    "@typescript/native-preview-darwin-arm64": ["@typescript/native-preview-darwin-arm64@7.0.0-dev.20260222.1", "", { "os": "darwin", "cpu": "arm64" }, "sha512-aXfK/s3QlbzXvZoFQ07KJDNx86q61nCITSreqLytnqjhjsXUUuMACsxjy/YsReLG2bdii+mHTA2WB2IB0LKKGA=="],

    "@typescript/native-preview-darwin-x64": ["@typescript/native-preview-darwin-x64@7.0.0-dev.20260222.1", "", { "os": "darwin", "cpu": "x64" }, "sha512-+bHnCeONX47pmVXTt6kuwxiLayDVqkLtshjqpqthXMWFFGk+1K/5ASbFEb2FumSABgB9hQ/xqkjj5QHUgGmbPg=="],

    "@typescript/native-preview-linux-arm": ["@typescript/native-preview-linux-arm@7.0.0-dev.20260222.1", "", { "os": "linux", "cpu": "arm" }, "sha512-bavfJlI3JNH2F/7BX0drZ4JCSjLsCc2Dy5e2s6pc2wuLIzJ6hIjFaXIeB9TDbVYJE+MlLf6rtQF9nP9iSsgk9g=="],

    "@typescript/native-preview-linux-arm64": ["@typescript/native-preview-linux-arm64@7.0.0-dev.20260222.1", "", { "os": "linux", "cpu": "arm64" }, "sha512-Usm9oJzLPqK7Z7echSSaHnmTXhr3knLXycoyVZwRrmWC33aX2efZb+XrdaV/SMhdYjYHCZ6mE60qcK4nEaXdng=="],

    "@typescript/native-preview-linux-x64": ["@typescript/native-preview-linux-x64@7.0.0-dev.20260222.1", "", { "os": "linux", "cpu": "x64" }, "sha512-JaOwNBJ2nA0C/MBfMXilrVNv+hUpIzs7JtpSgpOsXa3Hq7BL2rnoO6WMuCo8IHz7v8+Lr+MPJufXVEHfrOtf5A=="],

    "@typescript/native-preview-win32-arm64": ["@typescript/native-preview-win32-arm64@7.0.0-dev.20260222.1", "", { "os": "win32", "cpu": "arm64" }, "sha512-Mngr3qdeO7Ey3DtsHe4oqIghXYcjOr9pVQtKXbijfT0slRtVPeF1TmEb/eH+Z+LsY1SOW8c/Cig1G4NDXZnghw=="],

    "@typescript/native-preview-win32-x64": ["@typescript/native-preview-win32-x64@7.0.0-dev.20260222.1", "", { "os": "win32", "cpu": "x64" }, "sha512-8Gps/FPcQiyoHeDhRY3RXhJSJwQQuUIP5lepYO3+2xvCPPeeNBoOueiLoGKxno4CYbS4O2fPdVmymboX0ApjZA=="],

    "@vue/compiler-core": ["@vue/compiler-core@3.6.0-beta.6", "", { "dependencies": { "@babel/parser": "^7.29.0", "@vue/shared": "3.6.0-beta.6", "entities": "^7.0.1", "estree-walker": "^2.0.2", "source-map-js": "^1.2.1" } }, "sha512-0/YAWFJKJEpYMiMkNaYgUxbf4TWVrCnZ4Pmp898yQUJgQ3B+E2usG8n4tCytniGIIQ3BoLnkUipTNia8g6vp8A=="],

    "@vue/compiler-dom": ["@vue/compiler-dom@3.6.0-beta.6", "", { "dependencies": { "@vue/compiler-core": "3.6.0-beta.6", "@vue/shared": "3.6.0-beta.6" } }, "sha512-kX9aROGuDCz9YTvPiOltOsZ4lu2lAH9rMc5tFt7zrFs2KNBXON4HDSg5Vnu4kTb5tNhM/8YX1Cv2XjwmaCD6Wg=="],

    "@vue/compiler-sfc": ["@vue/compiler-sfc@3.6.0-beta.6", "", { "dependencies": { "@babel/parser": "^7.29.0", "@vue/compiler-core": "3.6.0-beta.6", "@vue/compiler-dom": "3.6.0-beta.6", "@vue/compiler-ssr": "3.6.0-beta.6", "@vue/compiler-vapor": "3.6.0-beta.6", "@vue/shared": "3.6.0-beta.6", "estree-walker": "^2.0.2", "magic-string": "^0.30.21", "postcss": "^8.5.6", "source-map-js": "^1.2.1" } }, "sha512-hQL0RqB4jNf9QFUvl8xl7nDHZdsWE3IysbMAbgVUmQvhzmFdnP6Bcp8FnyGBhxwo6IJouQoT0HniKudXP13aGA=="],

    "@vue/compiler-ssr": ["@vue/compiler-ssr@3.6.0-beta.6", "", { "dependencies": { "@vue/compiler-dom": "3.6.0-beta.6", "@vue/shared": "3.6.0-beta.6" } }, "sha512-UkaN+QhSQh4Nc9BiQZvH7fuL+3RDWOvGc+zuHCwUsR8FLOxNbuUKsDe0FlFk914xDDx4IUYzJKyIeSEzqoxCYA=="],

    "@vue/compiler-vapor": ["@vue/compiler-vapor@3.6.0-beta.6", "", { "dependencies": { "@babel/parser": "^7.29.0", "@vue/compiler-dom": "3.6.0-beta.6", "@vue/shared": "3.6.0-beta.6", "estree-walker": "^2.0.2", "source-map-js": "^1.2.1" } }, "sha512-U04KIqp/YYRVt+GU2pGZhZ+q4GWm/Ii2SFrwZqCjXFghU4f5+21Ba6Sru9FzuaYzRY4ubdUz9bpKE0BVd2d46Q=="],

    "@vue/devtools-api": ["@vue/devtools-api@7.7.9", "", { "dependencies": { "@vue/devtools-kit": "^7.7.9" } }, "sha512-kIE8wvwlcZ6TJTbNeU2HQNtaxLx3a84aotTITUuL/4bzfPxzajGBOoqjMhwZJ8L9qFYDU/lAYMEEm11dnZOD6g=="],

    "@vue/devtools-kit": ["@vue/devtools-kit@7.7.9", "", { "dependencies": { "@vue/devtools-shared": "^7.7.9", "birpc": "^2.3.0", "hookable": "^5.5.3", "mitt": "^3.0.1", "perfect-debounce": "^1.0.0", "speakingurl": "^14.0.1", "superjson": "^2.2.2" } }, "sha512-PyQ6odHSgiDVd4hnTP+aDk2X4gl2HmLDfiyEnn3/oV+ckFDuswRs4IbBT7vacMuGdwY/XemxBoh302ctbsptuA=="],

    "@vue/devtools-shared": ["@vue/devtools-shared@7.7.9", "", { "dependencies": { "rfdc": "^1.4.1" } }, "sha512-iWAb0v2WYf0QWmxCGy0seZNDPdO3Sp5+u78ORnyeonS6MT4PC7VPrryX2BpMJrwlDeaZ6BD4vP4XKjK0SZqaeA=="],

    "@vue/reactivity": ["@vue/reactivity@3.6.0-beta.6", "", { "dependencies": { "@vue/shared": "3.6.0-beta.6" } }, "sha512-DWpq1Qk23XFWZI0dAho9koJNV+fjOJv5YNmLO2yymyjtDpraRaot+gQQlmyut3dEt4gIUKUHF7H/azi7ub5mZQ=="],

    "@vue/runtime-core": ["@vue/runtime-core@3.6.0-beta.6", "", { "dependencies": { "@vue/reactivity": "3.6.0-beta.6", "@vue/shared": "3.6.0-beta.6" } }, "sha512-whCWAVoBnac1rlLdAu17IrG4E1t05a44VOpvXWo+mYWgq28ukaoQmr3w7LPLyUU7ehWOh+Gp31fxAbKSArherg=="],

    "@vue/runtime-dom": ["@vue/runtime-dom@3.6.0-beta.6", "", { "dependencies": { "@vue/reactivity": "3.6.0-beta.6", "@vue/runtime-core": "3.6.0-beta.6", "@vue/shared": "3.6.0-beta.6", "csstype": "^3.2.3" } }, "sha512-auc/UnNwB+Vcydp+HpV63a0WbDSueteT8OZNhcKicWtvRSVfxPAp83pVNtiY+CvRp4myl28Nxewff19XK+u1kw=="],

    "@vue/runtime-vapor": ["@vue/runtime-vapor@3.6.0-beta.6", "", { "dependencies": { "@vue/reactivity": "3.6.0-beta.6", "@vue/shared": "3.6.0-beta.6" }, "peerDependencies": { "@vue/runtime-dom": "3.6.0-beta.6" } }, "sha512-psN1lh/LJS7FS/KE8+JJYvdFWySq09Ww9xCFnXOaISFwh/2VWs5AvcAAq9dgk6+Z0qMUjrVVbspa6byLVCP/aA=="],

    "@vue/server-renderer": ["@vue/server-renderer@3.6.0-beta.6", "", { "dependencies": { "@vue/compiler-ssr": "3.6.0-beta.6", "@vue/shared": "3.6.0-beta.6" }, "peerDependencies": { "vue": "3.6.0-beta.6" } }, "sha512-IL8RRjIuNmmh4JZmne48htACrvTAYw+IvvGHezpSmom5uzXUyEW9VJqhda9LBnjEBWFVNImzAJGrQ1IZB9X1vg=="],

    "@vue/shared": ["@vue/shared@3.6.0-beta.6", "", {}, "sha512-CR/Df2m47Ou7mzF4IksSqfLpk5KtP1KBssocpoSSUbS/dUXPDRS/gRKT59LA3XHmluvnrMw+PYKuf5mzJPFt1Q=="],

    "@yr/monotone-cubic-spline": ["@yr/monotone-cubic-spline@1.0.3", "", {}, "sha512-FQXkOta0XBSUPHndIKON2Y9JeQz5ZeMqLYZVVK93FliNBFm7LNMIZmY6FrMEB9XPcDbE2bekMbZD6kzDkxwYjA=="],

    "apexcharts": ["apexcharts@5.6.0", "", { "dependencies": { "@yr/monotone-cubic-spline": "^1.0.3" } }, "sha512-BZua59yedRsaDfnxkzNrkyLCvluq2c3ZDBIz4joxSKtgr0xDQXQ5dzceMhf/TpTbAjaF+2NYIpLP3BEEIG2s/w=="],

    "birpc": ["birpc@2.9.0", "", {}, "sha512-KrayHS5pBi69Xi9JmvoqrIgYGDkD6mcSe/i6YKi3w5kekCLzrX4+nawcXqrj2tIp50Kw/mT/s3p+GVK0A0sKxw=="],

    "bun-types": ["bun-types@1.3.9", "", { "dependencies": { "@types/node": "*" } }, "sha512-+UBWWOakIP4Tswh0Bt0QD0alpTY8cb5hvgiYeWCMet9YukHbzuruIEeXC2D7nMJPB12kbh8C7XJykSexEqGKJg=="],

    "copy-anything": ["copy-anything@4.0.5", "", { "dependencies": { "is-what": "^5.2.0" } }, "sha512-7Vv6asjS4gMOuILabD3l739tsaxFQmC+a7pLZm02zyvs8p977bL3zEgq3yDk5rn9B0PbYgIv++jmHcuUab4RhA=="],

    "csstype": ["csstype@3.2.3", "", {}, "sha512-z1HGKcYy2xA8AGQfwrn0PAy+PB7X/GSj3UVJW9qKyn43xWa+gl5nXmU4qqLMRzWVLFC8KusUX8T/0kCiOYpAIQ=="],

    "entities": ["entities@7.0.1", "", {}, "sha512-TWrgLOFUQTH994YUyl1yT4uyavY5nNB5muff+RtWaqNVCAK408b5ZnnbNAUEWLTCpum9w6arT70i1XdQ4UeOPA=="],

    "estree-walker": ["estree-walker@2.0.2", "", {}, "sha512-Rfkk/Mp/DL7JVje3u18FxFujQlTNR2q6QfMSMB7AvCBx91NGj/ba3kCfza0f6dVDbw7YlRf/nDrn7pQrCCyQ/w=="],

    "hookable": ["hookable@5.5.3", "", {}, "sha512-Yc+BQe8SvoXH1643Qez1zqLRmbA5rCL+sSmk6TVos0LWVfNIB7PGncdlId77WzLGSIB5KaWgTaNTs2lNVEI6VQ=="],

    "is-what": ["is-what@5.5.0", "", {}, "sha512-oG7cgbmg5kLYae2N5IVd3jm2s+vldjxJzK1pcu9LfpGuQ93MQSzo0okvRna+7y5ifrD+20FE8FvjusyGaz14fw=="],

    "luxon": ["luxon@3.7.2", "", {}, "sha512-vtEhXh/gNjI9Yg1u4jX/0YVPMvxzHuGgCm6tC5kZyb08yjGWGnqAjGJvcXbqQR2P3MyMEFnRbpcdFS6PBcLqew=="],

    "magic-string": ["magic-string@0.30.21", "", { "dependencies": { "@jridgewell/sourcemap-codec": "^1.5.5" } }, "sha512-vd2F4YUyEXKGcLHoq+TEyCjxueSeHnFxyyjNp80yg0XV4vUhnDer/lvvlqM/arB5bXQN5K2/3oinyCRyx8T2CQ=="],

    "mitt": ["mitt@3.0.1", "", {}, "sha512-vKivATfr97l2/QBCYAkXYDbrIWPM2IIKEl7YPhjCvKlG3kE2gm+uBo6nEXK3M5/Ffh/FLpKExzOQ3JJoJGFKBw=="],

    "nanoid": ["nanoid@3.3.11", "", { "bin": { "nanoid": "bin/nanoid.cjs" } }, "sha512-N8SpfPUnUp1bK+PMYW8qSWdl9U+wwNWI4QKxOYDy9JAro3WMX7p2OeVRF9v+347pnakNevPmiHhNmZ2HbFA76w=="],

    "oxc-transform": ["oxc-transform@0.114.0", "", { "optionalDependencies": { "@oxc-transform/binding-android-arm-eabi": "0.114.0", "@oxc-transform/binding-android-arm64": "0.114.0", "@oxc-transform/binding-darwin-arm64": "0.114.0", "@oxc-transform/binding-darwin-x64": "0.114.0", "@oxc-transform/binding-freebsd-x64": "0.114.0", "@oxc-transform/binding-linux-arm-gnueabihf": "0.114.0", "@oxc-transform/binding-linux-arm-musleabihf": "0.114.0", "@oxc-transform/binding-linux-arm64-gnu": "0.114.0", "@oxc-transform/binding-linux-arm64-musl": "0.114.0", "@oxc-transform/binding-linux-ppc64-gnu": "0.114.0", "@oxc-transform/binding-linux-riscv64-gnu": "0.114.0", "@oxc-transform/binding-linux-riscv64-musl": "0.114.0", "@oxc-transform/binding-linux-s390x-gnu": "0.114.0", "@oxc-transform/binding-linux-x64-gnu": "0.114.0", "@oxc-transform/binding-linux-x64-musl": "0.114.0", "@oxc-transform/binding-openharmony-arm64": "0.114.0", "@oxc-transform/binding-wasm32-wasi": "0.114.0", "@oxc-transform/binding-win32-arm64-msvc": "0.114.0", "@oxc-transform/binding-win32-ia32-msvc": "0.114.0", "@oxc-transform/binding-win32-x64-msvc": "0.114.0" } }, "sha512-fT7QcS2FqvGBKNiyA+aQIAJkMCCVHfvNpPzBXgqrsBdvc5jFF2ZRqdXZUrjUNDwDthsIiJI7EGxPC6tFR3i1Og=="],

    "perfect-debounce": ["perfect-debounce@1.0.0", "", {}, "sha512-xCy9V055GLEqoFaHoC1SoLIaLmWctgCUaBaWxDZ7/Zx4CTyX7cJQLJOok/orfjZAh9kEYpjJa4d0KcJmCbctZA=="],

    "picocolors": ["picocolors@1.1.1", "", {}, "sha512-xceH2snhtb5M9liqDsmEw56le376mTZkEX/jEb/RxNFyegNul7eNslCXP9FDj/Lcu0X8KEyMceP2ntpaHrDEVA=="],

    "pinia": ["pinia@3.0.4", "", { "dependencies": { "@vue/devtools-api": "^7.7.7" }, "peerDependencies": { "typescript": ">=4.5.0", "vue": "^3.5.11" }, "optionalPeers": ["typescript"] }, "sha512-l7pqLUFTI/+ESXn6k3nu30ZIzW5E2WZF/LaHJEpoq6ElcLD+wduZoB2kBN19du6K/4FDpPMazY2wJr+IndBtQw=="],

    "postcss": ["postcss@8.5.6", "", { "dependencies": { "nanoid": "^3.3.11", "picocolors": "^1.1.1", "source-map-js": "^1.2.1" } }, "sha512-3Ybi1tAuwAP9s0r1UQ2J4n5Y0G05bJkpUIO0/bI9MhwmD70S5aTWbXGBwxHrelT+XM1k6dM0pk+SwNkpTRN7Pg=="],

    "rfdc": ["rfdc@1.4.1", "", {}, "sha512-q1b3N5QkRUWUl7iyylaaj3kOpIT0N2i9MqIEQXP73GVsN9cw3fdx8X63cEmWhJGi2PPCF23Ijp7ktmd39rawIA=="],

    "source-map-js": ["source-map-js@1.2.1", "", {}, "sha512-UXWMKhLOwVKb728IUtQPXxfYU+usdybtUrK/8uGE8CQMvrhOpwvzDBwj0QhSL7MQc7vIsISBG8VQ8+IDQxpfQA=="],

    "speakingurl": ["speakingurl@14.0.1", "", {}, "sha512-1POYv7uv2gXoyGFpBCmpDVSNV74IfsWlDW216UPjbWufNf+bSU6GdbDsxdcxtfwb4xlI3yxzOTKClUosxARYrQ=="],

    "superjson": ["superjson@2.2.6", "", { "dependencies": { "copy-anything": "^4" } }, "sha512-H+ue8Zo4vJmV2nRjpx86P35lzwDT3nItnIsocgumgr0hHMQ+ZGq5vrERg9kJBo5AWGmxZDhzDo+WVIJqkB0cGA=="],

    "tslib": ["tslib@2.8.1", "", {}, "sha512-oJFu94HQb+KVduSUQL7wnpmqnfmLsOA/nAh6b6EH0wCEoK0/mPeXU6c3wKDV83MkOuHPRHtSXKKU99IBazS/2w=="],

    "undici-types": ["undici-types@7.18.2", "", {}, "sha512-AsuCzffGHJybSaRrmr5eHr81mwJU3kjw6M+uprWvCXiNeN9SOGwQ3Jn8jb8m3Z6izVgknn1R0FTCEAP2QrLY/w=="],

    "vue": ["vue@3.6.0-beta.6", "", { "dependencies": { "@vue/compiler-dom": "3.6.0-beta.6", "@vue/compiler-sfc": "3.6.0-beta.6", "@vue/runtime-dom": "3.6.0-beta.6", "@vue/runtime-vapor": "3.6.0-beta.6", "@vue/server-renderer": "3.6.0-beta.6", "@vue/shared": "3.6.0-beta.6" }, "peerDependencies": { "typescript": "*" }, "optionalPeers": ["typescript"] }, "sha512-xtAUa5mT3x8un9Ck8bkuvZYU9Bx0TTjlsrbJe5p/51zcz00+on3QuL0rODYlp+W7QIpGBgZZo/KFIK8SLZoSIQ=="],
  }
}
